{
  "name": "get_all_blobs",
  "version": "1.0.0",
  "lockfileVersion": 3,
  "requires": true,
  "packages": {
    "": {
      "name": "get_all_blobs",
      "version": "1.0.0",
      "license": "ISC",
      "dependencies": {
        "web3": "^4.12.1"
      }
    },
    "node_modules/@adraffy/ens-normalize": {
      "version": "1.11.0",
      "resolved": "https://registry.npmjs.org/@adraffy/ens-normalize/-/ens-normalize-1.11.0.tgz",
      "integrity": "sha512-/3DDPKHqqIqxUULp8yP4zODUY1i+2xvVWsv8A79xGWdCAG+8sb0hRh0Rk2QyOJUnnbyPUAZYcpBuRe3nS2OIUg=="
    },
    "node_modules/@ethereumjs/rlp": {
      "version": "4.0.1",
      "resolved": "https://registry.npmjs.org/@ethereumjs/rlp/-/rlp-4.0.1.tgz",
      "integrity": "sha512-tqsQiBQDQdmPWE1xkkBq4rlSW5QZpLOUJ5RJh2/9fug+q9tnUhuZoVLk7s0scUIKTOzEtR72DFBXI4WiZcMpvw==",
      "bin": {
        "rlp": "bin/rlp"
      },
      "engines": {
        "node": ">=14"
      }
    },
    "node_modules/@noble/curves": {
      "version": "1.4.2",
      "resolved": "https://registry.npmjs.org/@noble/curves/-/curves-1.4.2.tgz",
      "integrity": "sha512-TavHr8qycMChk8UwMld0ZDRvatedkzWfH8IiaeGCfymOP5i0hSCozz9vHOL0nkwk7HRMlFnAiKpS2jrUmSybcw==",
      "dependencies": {
        "@noble/hashes": "1.4.0"
      },
      "funding": {
        "url": "https://paulmillr.com/funding/"
      }
    },
    "node_modules/@noble/hashes": {
      "version": "1.4.0",
      "resolved": "https://registry.npmjs.org/@noble/hashes/-/hashes-1.4.0.tgz",
      "integrity": "sha512-V1JJ1WTRUqHHrOSh597hURcMqVKVGL/ea3kv0gSnEdsEZ0/+VyPghM1lMNGc00z7CIQorSvbKpuJkxvuHbvdbg==",
      "engines": {
        "node": ">= 16"
      },
      "funding": {
        "url": "https://paulmillr.com/funding/"
      }
    },
    "node_modules/@scure/base": {
      "version": "1.1.8",
      "resolved": "https://registry.npmjs.org/@scure/base/-/base-1.1.8.tgz",
      "integrity": "sha512-6CyAclxj3Nb0XT7GHK6K4zK6k2xJm6E4Ft0Ohjt4WgegiFUHEtFb2CGzmPmGBwoIhrLsqNLYfLr04Y1GePrzZg==",
      "funding": {
        "url": "https://paulmillr.com/funding/"
      }
    },
    "node_modules/@scure/bip32": {
      "version": "1.4.0",
      "resolved": "https://registry.npmjs.org/@scure/bip32/-/bip32-1.4.0.tgz",
      "integrity": "sha512-sVUpc0Vq3tXCkDGYVWGIZTRfnvu8LoTDaev7vbwh0omSvVORONr960MQWdKqJDCReIEmTj3PAr73O3aoxz7OPg==",
      "dependencies": {
        "@noble/curves": "~1.4.0",
        "@noble/hashes": "~1.4.0",
        "@scure/base": "~1.1.6"
      },
      "funding": {
        "url": "https://paulmillr.com/funding/"
      }
    },
    "node_modules/@scure/bip39": {
      "version": "1.3.0",
      "resolved": "https://registry.npmjs.org/@scure/bip39/-/bip39-1.3.0.tgz",
      "integrity": "sha512-disdg7gHuTDZtY+ZdkmLpPCk7fxZSu3gBiEGuoC1XYxv9cGx3Z6cpTggCgW6odSOOIXCiDjuGejW+aJKCY/pIQ==",
      "dependencies": {
        "@noble/hashes": "~1.4.0",
        "@scure/base": "~1.1.6"
      },
      "funding": {
        "url": "https://paulmillr.com/funding/"
      }
    },
    "node_modules/@types/node": {
      "version": "22.5.5",
      "resolved": "https://registry.npmjs.org/@types/node/-/node-22.5.5.tgz",
      "integrity": "sha512-Xjs4y5UPO/CLdzpgR6GirZJx36yScjh73+2NlLlkFRSoQN8B0DpfXPdZGnvVmLRLOsqDpOfTNv7D9trgGhmOIA==",
      "dependencies": {
        "undici-types": "~6.19.2"
      }
    },
    "node_modules/@types/ws": {
      "version": "8.5.3",
      "resolved": "https://registry.npmjs.org/@types/ws/-/ws-8.5.3.tgz",
      "integrity": "sha512-6YOoWjruKj1uLf3INHH7D3qTXwFfEsg1kf3c0uDdSBJwfa/llkwIjrAGV7j7mVgGNbzTQ3HiHKKDXl6bJPD97w==",
      "dependencies": {
        "@types/node": "*"
      }
    },
    "node_modules/abitype": {
      "version": "0.7.1",
      "resolved": "https://registry.npmjs.org/abitype/-/abitype-0.7.1.tgz",
      "integrity": "sha512-VBkRHTDZf9Myaek/dO3yMmOzB/y2s3Zo6nVU7yaw1G+TvCHAjwaJzNGN9yo4K5D8bU/VZXKP1EJpRhFr862PlQ==",
      "peerDependencies": {
        "typescript": ">=4.9.4",
        "zod": "^3 >=3.19.1"
      },
      "peerDependenciesMeta": {
        "zod": {
          "optional": true
        }
      }
    },
    "node_modules/available-typed-arrays": {
      "version": "1.0.7",
      "resolved": "https://registry.npmjs.org/available-typed-arrays/-/available-typed-arrays-1.0.7.tgz",
      "integrity": "sha512-wvUjBtSGN7+7SjNpq/9M2Tg350UZD3q62IFZLbRAR1bSMlCo1ZaeW+BJ+D090e4hIIZLBcTDWe4Mh4jvUDajzQ==",
      "dependencies": {
        "possible-typed-array-names": "^1.0.0"
      },
      "engines": {
        "node": ">= 0.4"
      },
      "funding": {
        "url": "https://github.com/sponsors/ljharb"
      }
    },
    "node_modules/call-bind": {
      "version": "1.0.7",
      "resolved": "https://registry.npmjs.org/call-bind/-/call-bind-1.0.7.tgz",
      "integrity": "sha512-GHTSNSYICQ7scH7sZ+M2rFopRoLh8t2bLSW6BbgrtLsahOIB5iyAVJf9GjWK3cYTDaMj4XdBpM1cA6pIS0Kv2w==",
      "dependencies": {
        "es-define-property": "^1.0.0",
        "es-errors": "^1.3.0",
        "function-bind": "^1.1.2",
        "get-intrinsic": "^1.2.4",
        "set-function-length": "^1.2.1"
      },
      "engines": {
        "node": ">= 0.4"
      },
      "funding": {
        "url": "https://github.com/sponsors/ljharb"
      }
    },
    "node_modules/crc-32": {
      "version": "1.2.2",
      "resolved": "https://registry.npmjs.org/crc-32/-/crc-32-1.2.2.tgz",
      "integrity": "sha512-ROmzCKrTnOwybPcJApAA6WBWij23HVfGVNKqqrZpuyZOHqK2CwHSvpGuyt/UNNvaIjEd8X5IFGp4Mh+Ie1IHJQ==",
      "bin": {
        "crc32": "bin/crc32.njs"
      },
      "engines": {
        "node": ">=0.8"
      }
    },
    "node_modules/cross-fetch": {
      "version": "4.0.0",
      "resolved": "https://registry.npmjs.org/cross-fetch/-/cross-fetch-4.0.0.tgz",
      "integrity": "sha512-e4a5N8lVvuLgAWgnCrLr2PP0YyDOTHa9H/Rj54dirp61qXnNq46m82bRhNqIA5VccJtWBvPTFRV3TtvHUKPB1g==",
      "dependencies": {
        "node-fetch": "^2.6.12"
      }
    },
    "node_modules/define-data-property": {
      "version": "1.1.4",
      "resolved": "https://registry.npmjs.org/define-data-property/-/define-data-property-1.1.4.tgz",
      "integrity": "sha512-rBMvIzlpA8v6E+SJZoo++HAYqsLrkg7MSfIinMPFhmkorw7X+dOXVJQs+QT69zGkzMyfDnIMN2Wid1+NbL3T+A==",
      "dependencies": {
        "es-define-property": "^1.0.0",
        "es-errors": "^1.3.0",
        "gopd": "^1.0.1"
      },
      "engines": {
        "node": ">= 0.4"
      },
      "funding": {
        "url": "https://github.com/sponsors/ljharb"
      }
    },
    "node_modules/es-define-property": {
      "version": "1.0.0",
      "resolved": "https://registry.npmjs.org/es-define-property/-/es-define-property-1.0.0.tgz",
      "integrity": "sha512-jxayLKShrEqqzJ0eumQbVhTYQM27CfT1T35+gCgDFoL82JLsXqTJ76zv6A0YLOgEnLUMvLzsDsGIrl8NFpT2gQ==",
      "dependencies": {
        "get-intrinsic": "^1.2.4"
      },
      "engines": {
        "node": ">= 0.4"
      }
    },
    "node_modules/es-errors": {
      "version": "1.3.0",
      "resolved": "https://registry.npmjs.org/es-errors/-/es-errors-1.3.0.tgz",
      "integrity": "sha512-Zf5H2Kxt2xjTvbJvP2ZWLEICxA6j+hAmMzIlypy4xcBg1vKVnx89Wy0GbS+kf5cwCVFFzdCFh2XSCFNULS6csw==",
      "engines": {
        "node": ">= 0.4"
      }
    },
    "node_modules/ethereum-cryptography": {
      "version": "2.2.1",
      "resolved": "https://registry.npmjs.org/ethereum-cryptography/-/ethereum-cryptography-2.2.1.tgz",
      "integrity": "sha512-r/W8lkHSiTLxUxW8Rf3u4HGB0xQweG2RyETjywylKZSzLWoWAijRz8WCuOtJ6wah+avllXBqZuk29HCCvhEIRg==",
      "dependencies": {
        "@noble/curves": "1.4.2",
        "@noble/hashes": "1.4.0",
        "@scure/bip32": "1.4.0",
        "@scure/bip39": "1.3.0"
      }
    },
    "node_modules/eventemitter3": {
      "version": "5.0.1",
      "resolved": "https://registry.npmjs.org/eventemitter3/-/eventemitter3-5.0.1.tgz",
      "integrity": "sha512-GWkBvjiSZK87ELrYOSESUYeVIc9mvLLf/nXalMOS5dYrgZq9o5OVkbZAVM06CVxYsCwH9BDZFPlQTlPA1j4ahA=="
    },
    "node_modules/for-each": {
      "version": "0.3.3",
      "resolved": "https://registry.npmjs.org/for-each/-/for-each-0.3.3.tgz",
      "integrity": "sha512-jqYfLp7mo9vIyQf8ykW2v7A+2N4QjeCeI5+Dz9XraiO1ign81wjiH7Fb9vSOWvQfNtmSa4H2RoQTrrXivdUZmw==",
      "dependencies": {
        "is-callable": "^1.1.3"
      }
    },
    "node_modules/function-bind": {
      "version": "1.1.2",
      "resolved": "https://registry.npmjs.org/function-bind/-/function-bind-1.1.2.tgz",
      "integrity": "sha512-7XHNxH7qX9xG5mIwxkhumTox/MIRNcOgDrxWsMt2pAr23WHp6MrRlN7FBSFpCpr+oVO0F744iUgR82nJMfG2SA==",
      "funding": {
        "url": "https://github.com/sponsors/ljharb"
      }
    },
    "node_modules/get-intrinsic": {
      "version": "1.2.4",
      "resolved": "https://registry.npmjs.org/get-intrinsic/-/get-intrinsic-1.2.4.tgz",
      "integrity": "sha512-5uYhsJH8VJBTv7oslg4BznJYhDoRI6waYCxMmCdnTrcCrHA/fCFKoTFz2JKKE0HdDFUF7/oQuhzumXJK7paBRQ==",
      "dependencies": {
        "es-errors": "^1.3.0",
        "function-bind": "^1.1.2",
        "has-proto": "^1.0.1",
        "has-symbols": "^1.0.3",
        "hasown": "^2.0.0"
      },
      "engines": {
        "node": ">= 0.4"
      },
      "funding": {
        "url": "https://github.com/sponsors/ljharb"
      }
    },
    "node_modules/gopd": {
      "version": "1.0.1",
      "resolved": "https://registry.npmjs.org/gopd/-/gopd-1.0.1.tgz",
      "integrity": "sha512-d65bNlIadxvpb/A2abVdlqKqV563juRnZ1Wtk6s1sIR8uNsXR70xqIzVqxVf1eTqDunwT2MkczEeaezCKTZhwA==",
      "dependencies": {
        "get-intrinsic": "^1.1.3"
      },
      "funding": {
        "url": "https://github.com/sponsors/ljharb"
      }
    },
    "node_modules/has-property-descriptors": {
      "version": "1.0.2",
      "resolved": "https://registry.npmjs.org/has-property-descriptors/-/has-property-descriptors-1.0.2.tgz",
      "integrity": "sha512-55JNKuIW+vq4Ke1BjOTjM2YctQIvCT7GFzHwmfZPGo5wnrgkid0YQtnAleFSqumZm4az3n2BS+erby5ipJdgrg==",
      "dependencies": {
        "es-define-property": "^1.0.0"
      },
      "funding": {
        "url": "https://github.com/sponsors/ljharb"
      }
    },
    "node_modules/has-proto": {
      "version": "1.0.3",
      "resolved": "https://registry.npmjs.org/has-proto/-/has-proto-1.0.3.tgz",
      "integrity": "sha512-SJ1amZAJUiZS+PhsVLf5tGydlaVB8EdFpaSO4gmiUKUOxk8qzn5AIy4ZeJUmh22znIdk/uMAUT2pl3FxzVUH+Q==",
      "engines": {
        "node": ">= 0.4"
      },
      "funding": {
        "url": "https://github.com/sponsors/ljharb"
      }
    },
    "node_modules/has-symbols": {
      "version": "1.0.3",
      "resolved": "https://registry.npmjs.org/has-symbols/-/has-symbols-1.0.3.tgz",
      "integrity": "sha512-l3LCuF6MgDNwTDKkdYGEihYjt5pRPbEg46rtlmnSPlUbgmB8LOIrKJbYYFBSbnPaJexMKtiPO8hmeRjRz2Td+A==",
      "engines": {
        "node": ">= 0.4"
      },
      "funding": {
        "url": "https://github.com/sponsors/ljharb"
      }
    },
    "node_modules/has-tostringtag": {
      "version": "1.0.2",
      "resolved": "https://registry.npmjs.org/has-tostringtag/-/has-tostringtag-1.0.2.tgz",
      "integrity": "sha512-NqADB8VjPFLM2V0VvHUewwwsw0ZWBaIdgo+ieHtK3hasLz4qeCRjYcqfB6AQrBggRKppKF8L52/VqdVsO47Dlw==",
      "dependencies": {
        "has-symbols": "^1.0.3"
      },
      "engines": {
        "node": ">= 0.4"
      },
      "funding": {
        "url": "https://github.com/sponsors/ljharb"
      }
    },
    "node_modules/hasown": {
      "version": "2.0.2",
      "resolved": "https://registry.npmjs.org/hasown/-/hasown-2.0.2.tgz",
      "integrity": "sha512-0hJU9SCPvmMzIBdZFqNPXWa6dqh7WdH0cII9y+CyS8rG3nL48Bclra9HmKhVVUHyPWNH5Y7xDwAB7bfgSjkUMQ==",
      "dependencies": {
        "function-bind": "^1.1.2"
      },
      "engines": {
        "node": ">= 0.4"
      }
    },
    "node_modules/inherits": {
      "version": "2.0.4",
      "resolved": "https://registry.npmjs.org/inherits/-/inherits-2.0.4.tgz",
      "integrity": "sha512-k/vGaX4/Yla3WzyMCvTQOXYeIHvqOKtnqBduzTHpzpQZzAskKMhZ2K+EnBiSM9zGSoIFeMpXKxa4dYeZIQqewQ=="
    },
    "node_modules/is-arguments": {
      "version": "1.1.1",
      "resolved": "https://registry.npmjs.org/is-arguments/-/is-arguments-1.1.1.tgz",
      "integrity": "sha512-8Q7EARjzEnKpt/PCD7e1cgUS0a6X8u5tdSiMqXhojOdoV9TsMsiO+9VLC5vAmO8N7/GmXn7yjR8qnA6bVAEzfA==",
      "dependencies": {
        "call-bind": "^1.0.2",
        "has-tostringtag": "^1.0.0"
      },
      "engines": {
        "node": ">= 0.4"
      },
      "funding": {
        "url": "https://github.com/sponsors/ljharb"
      }
    },
    "node_modules/is-callable": {
      "version": "1.2.7",
      "resolved": "https://registry.npmjs.org/is-callable/-/is-callable-1.2.7.tgz",
      "integrity": "sha512-1BC0BVFhS/p0qtw6enp8e+8OD0UrK0oFLztSjNzhcKA3WDuJxxAPXzPuPtKkjEY9UUoEWlX/8fgKeu2S8i9JTA==",
      "engines": {
        "node": ">= 0.4"
      },
      "funding": {
        "url": "https://github.com/sponsors/ljharb"
      }
    },
    "node_modules/is-generator-function": {
      "version": "1.0.10",
      "resolved": "https://registry.npmjs.org/is-generator-function/-/is-generator-function-1.0.10.tgz",
      "integrity": "sha512-jsEjy9l3yiXEQ+PsXdmBwEPcOxaXWLspKdplFUVI9vq1iZgIekeC0L167qeu86czQaxed3q/Uzuw0swL0irL8A==",
      "dependencies": {
        "has-tostringtag": "^1.0.0"
      },
      "engines": {
        "node": ">= 0.4"
      },
      "funding": {
        "url": "https://github.com/sponsors/ljharb"
      }
    },
    "node_modules/is-typed-array": {
      "version": "1.1.13",
      "resolved": "https://registry.npmjs.org/is-typed-array/-/is-typed-array-1.1.13.tgz",
      "integrity": "sha512-uZ25/bUAlUY5fR4OKT4rZQEBrzQWYV9ZJYGGsUmEJ6thodVJ1HX64ePQ6Z0qPWP+m+Uq6e9UugrE38jeYsDSMw==",
      "dependencies": {
        "which-typed-array": "^1.1.14"
      },
      "engines": {
        "node": ">= 0.4"
      },
      "funding": {
        "url": "https://github.com/sponsors/ljharb"
      }
    },
    "node_modules/isomorphic-ws": {
      "version": "5.0.0",
      "resolved": "https://registry.npmjs.org/isomorphic-ws/-/isomorphic-ws-5.0.0.tgz",
      "integrity": "sha512-muId7Zzn9ywDsyXgTIafTry2sV3nySZeUDe6YedVd1Hvuuep5AsIlqK+XefWpYTyJG5e503F2xIuT2lcU6rCSw==",
      "peerDependencies": {
        "ws": "*"
      }
    },
    "node_modules/node-fetch": {
      "version": "2.7.0",
      "resolved": "https://registry.npmjs.org/node-fetch/-/node-fetch-2.7.0.tgz",
      "integrity": "sha512-c4FRfUm/dbcWZ7U+1Wq0AwCyFL+3nt2bEw05wfxSz+DWpWsitgmSgYmy2dQdWyKC1694ELPqMs/YzUSNozLt8A==",
      "dependencies": {
        "whatwg-url": "^5.0.0"
      },
      "engines": {
        "node": "4.x || >=6.0.0"
      },
      "peerDependencies": {
        "encoding": "^0.1.0"
      },
      "peerDependenciesMeta": {
        "encoding": {
          "optional": true
        }
      }
    },
    "node_modules/possible-typed-array-names": {
      "version": "1.0.0",
      "resolved": "https://registry.npmjs.org/possible-typed-array-names/-/possible-typed-array-names-1.0.0.tgz",
      "integrity": "sha512-d7Uw+eZoloe0EHDIYoe+bQ5WXnGMOpmiZFTuMWCwpjzzkL2nTjcKiAk4hh8TjnGye2TwWOk3UXucZ+3rbmBa8Q==",
      "engines": {
        "node": ">= 0.4"
      }
    },
    "node_modules/set-function-length": {
      "version": "1.2.2",
      "resolved": "https://registry.npmjs.org/set-function-length/-/set-function-length-1.2.2.tgz",
      "integrity": "sha512-pgRc4hJ4/sNjWCSS9AmnS40x3bNMDTknHgL5UaMBTMyJnU90EgWh1Rz+MC9eFu4BuN/UwZjKQuY/1v3rM7HMfg==",
      "dependencies": {
        "define-data-property": "^1.1.4",
        "es-errors": "^1.3.0",
        "function-bind": "^1.1.2",
        "get-intrinsic": "^1.2.4",
        "gopd": "^1.0.1",
        "has-property-descriptors": "^1.0.2"
      },
      "engines": {
        "node": ">= 0.4"
      }
    },
    "node_modules/setimmediate": {
      "version": "1.0.5",
      "resolved": "https://registry.npmjs.org/setimmediate/-/setimmediate-1.0.5.tgz",
      "integrity": "sha512-MATJdZp8sLqDl/68LfQmbP8zKPLQNV6BIZoIgrscFDQ+RsvK/BxeDQOgyxKKoh0y/8h3BqVFnCqQ/gd+reiIXA=="
    },
    "node_modules/tr46": {
      "version": "0.0.3",
      "resolved": "https://registry.npmjs.org/tr46/-/tr46-0.0.3.tgz",
      "integrity": "sha512-N3WMsuqV66lT30CrXNbEjx4GEwlow3v6rr4mCcv6prnfwhS01rkgyFdjPNBYd9br7LpXV1+Emh01fHnq2Gdgrw=="
    },
    "node_modules/typescript": {
      "version": "5.6.2",
      "resolved": "https://registry.npmjs.org/typescript/-/typescript-5.6.2.tgz",
      "integrity": "sha512-NW8ByodCSNCwZeghjN3o+JX5OFH0Ojg6sadjEKY4huZ52TqbJTJnDo5+Tw98lSy63NZvi4n+ez5m2u5d4PkZyw==",
      "peer": true,
      "bin": {
        "tsc": "bin/tsc",
        "tsserver": "bin/tsserver"
      },
      "engines": {
        "node": ">=14.17"
      }
    },
    "node_modules/undici-types": {
      "version": "6.19.8",
      "resolved": "https://registry.npmjs.org/undici-types/-/undici-types-6.19.8.tgz",
      "integrity": "sha512-ve2KP6f/JnbPBFyobGHuerC9g1FYGn/F8n1LWTwNxCEzd6IfqTwUQcNXgEtmmQ6DlRrC1hrSrBnCZPokRrDHjw=="
    },
    "node_modules/util": {
      "version": "0.12.5",
      "resolved": "https://registry.npmjs.org/util/-/util-0.12.5.tgz",
      "integrity": "sha512-kZf/K6hEIrWHI6XqOFUiiMa+79wE/D8Q+NCNAWclkyg3b4d2k7s0QGepNjiABc+aR3N1PAyHL7p6UcLY6LmrnA==",
      "dependencies": {
        "inherits": "^2.0.3",
        "is-arguments": "^1.0.4",
        "is-generator-function": "^1.0.7",
        "is-typed-array": "^1.1.3",
        "which-typed-array": "^1.1.2"
      }
    },
    "node_modules/web3": {
      "version": "4.12.1",
      "resolved": "https://registry.npmjs.org/web3/-/web3-4.12.1.tgz",
      "integrity": "sha512-zIFUPdgo2uG5Vbl7C4KrTv8dmWKN3sGnY/GundbiJzcaJZDxaCyu3a5HXAcgUM1VvvsVb1zaUQAFPceq05/q/Q==",
      "dependencies": {
        "web3-core": "^4.5.1",
        "web3-errors": "^1.3.0",
        "web3-eth": "^4.8.2",
        "web3-eth-abi": "^4.2.3",
        "web3-eth-accounts": "^4.2.1",
        "web3-eth-contract": "^4.7.0",
        "web3-eth-ens": "^4.4.0",
        "web3-eth-iban": "^4.0.7",
        "web3-eth-personal": "^4.0.8",
        "web3-net": "^4.1.0",
        "web3-providers-http": "^4.2.0",
        "web3-providers-ws": "^4.0.8",
        "web3-rpc-methods": "^1.3.0",
        "web3-rpc-providers": "^1.0.0-rc.2",
        "web3-types": "^1.7.0",
        "web3-utils": "^4.3.1",
        "web3-validator": "^2.0.6"
      },
      "engines": {
        "node": ">=14.0.0",
        "npm": ">=6.12.0"
      }
    },
    "node_modules/web3-core": {
      "version": "4.5.1",
      "resolved": "https://registry.npmjs.org/web3-core/-/web3-core-4.5.1.tgz",
      "integrity": "sha512-mFMOO/IWdKsLL1o2whh3oJ0LCG9P3l5c4lpiMoVsVln3QXh/B0Gf8gW3aY8S+Ixm0OHyzFDXJVc2CodxqmI4Gw==",
      "dependencies": {
        "web3-errors": "^1.3.0",
        "web3-eth-accounts": "^4.2.0",
        "web3-eth-iban": "^4.0.7",
        "web3-providers-http": "^4.2.0",
        "web3-providers-ws": "^4.0.8",
        "web3-types": "^1.7.0",
        "web3-utils": "^4.3.1",
        "web3-validator": "^2.0.6"
      },
      "engines": {
        "node": ">=14",
        "npm": ">=6.12.0"
      },
      "optionalDependencies": {
        "web3-providers-ipc": "^4.0.7"
      }
    },
    "node_modules/web3-errors": {
      "version": "1.3.0",
      "resolved": "https://registry.npmjs.org/web3-errors/-/web3-errors-1.3.0.tgz",
      "integrity": "sha512-j5JkAKCtuVMbY3F5PYXBqg1vWrtF4jcyyMY1rlw8a4PV67AkqlepjGgpzWJZd56Mt+TvHy6DA1F/3Id8LatDSQ==",
      "dependencies": {
        "web3-types": "^1.7.0"
      },
      "engines": {
        "node": ">=14",
        "npm": ">=6.12.0"
      }
    },
    "node_modules/web3-eth": {
      "version": "4.8.2",
      "resolved": "https://registry.npmjs.org/web3-eth/-/web3-eth-4.8.2.tgz",
      "integrity": "sha512-DLV/fIMG6gBp/B0gv0+G4FzxZ4YCDQsY3lzqqv7avwh3uU7/O27aifCUcFd7Ye+3ixTqCjAvLEl9wYSeyG3zQw==",
      "dependencies": {
        "setimmediate": "^1.0.5",
        "web3-core": "^4.5.0",
        "web3-errors": "^1.2.1",
        "web3-eth-abi": "^4.2.3",
        "web3-eth-accounts": "^4.1.3",
        "web3-net": "^4.1.0",
        "web3-providers-ws": "^4.0.8",
        "web3-rpc-methods": "^1.3.0",
        "web3-types": "^1.7.0",
        "web3-utils": "^4.3.1",
        "web3-validator": "^2.0.6"
      },
      "engines": {
        "node": ">=14",
        "npm": ">=6.12.0"
      }
    },
    "node_modules/web3-eth-abi": {
      "version": "4.2.3",
      "resolved": "https://registry.npmjs.org/web3-eth-abi/-/web3-eth-abi-4.2.3.tgz",
      "integrity": "sha512-rPVwTn0O1CzbtfXwEfIjUP0W5Y7u1OFjugwKpSqJzPQE6+REBg6OELjomTGZBu+GThxHnv0rp15SOxvqp+tyXA==",
      "dependencies": {
        "abitype": "0.7.1",
        "web3-errors": "^1.2.0",
        "web3-types": "^1.7.0",
        "web3-utils": "^4.3.1",
        "web3-validator": "^2.0.6"
      },
      "engines": {
        "node": ">=14",
        "npm": ">=6.12.0"
      }
    },
    "node_modules/web3-eth-accounts": {
      "version": "4.2.1",
      "resolved": "https://registry.npmjs.org/web3-eth-accounts/-/web3-eth-accounts-4.2.1.tgz",
      "integrity": "sha512-aOlEZFzqAgKprKs7+DGArU4r9b+ILBjThpeq42aY7LAQcP+mSpsWcQgbIRK3r/n3OwTYZ3aLPk0Ih70O/LwnYA==",
      "dependencies": {
        "@ethereumjs/rlp": "^4.0.1",
        "crc-32": "^1.2.2",
        "ethereum-cryptography": "^2.0.0",
        "web3-errors": "^1.3.0",
        "web3-types": "^1.7.0",
        "web3-utils": "^4.3.1",
        "web3-validator": "^2.0.6"
      },
      "engines": {
        "node": ">=14",
        "npm": ">=6.12.0"
      }
    },
    "node_modules/web3-eth-contract": {
      "version": "4.7.0",
      "resolved": "https://registry.npmjs.org/web3-eth-contract/-/web3-eth-contract-4.7.0.tgz",
      "integrity": "sha512-fdStoBOjFyMHwlyJmSUt/BTDL1ATwKGmG3zDXQ/zTKlkkW/F/074ut0Vry4GuwSBg9acMHc0ycOiZx9ZKjNHsw==",
      "dependencies": {
        "@ethereumjs/rlp": "^5.0.2",
        "web3-core": "^4.5.1",
        "web3-errors": "^1.3.0",
        "web3-eth": "^4.8.2",
        "web3-eth-abi": "^4.2.3",
        "web3-types": "^1.7.0",
        "web3-utils": "^4.3.1",
        "web3-validator": "^2.0.6"
      },
      "engines": {
        "node": ">=14",
        "npm": ">=6.12.0"
      }
    },
    "node_modules/web3-eth-contract/node_modules/@ethereumjs/rlp": {
      "version": "5.0.2",
      "resolved": "https://registry.npmjs.org/@ethereumjs/rlp/-/rlp-5.0.2.tgz",
      "integrity": "sha512-DziebCdg4JpGlEqEdGgXmjqcFoJi+JGulUXwEjsZGAscAQ7MyD/7LE/GVCP29vEQxKc7AAwjT3A2ywHp2xfoCA==",
      "bin": {
        "rlp": "bin/rlp.cjs"
      },
      "engines": {
        "node": ">=18"
      }
    },
    "node_modules/web3-eth-ens": {
      "version": "4.4.0",
      "resolved": "https://registry.npmjs.org/web3-eth-ens/-/web3-eth-ens-4.4.0.tgz",
      "integrity": "sha512-DeyVIS060hNV9g8dnTx92syqvgbvPricE3MerCxe/DquNZT3tD8aVgFfq65GATtpCgDDJffO2bVeHp3XBemnSQ==",
      "dependencies": {
        "@adraffy/ens-normalize": "^1.8.8",
        "web3-core": "^4.5.0",
        "web3-errors": "^1.2.0",
        "web3-eth": "^4.8.0",
        "web3-eth-contract": "^4.5.0",
        "web3-net": "^4.1.0",
        "web3-types": "^1.7.0",
        "web3-utils": "^4.3.0",
        "web3-validator": "^2.0.6"
      },
      "engines": {
        "node": ">=14",
        "npm": ">=6.12.0"
      }
    },
    "node_modules/web3-eth-iban": {
      "version": "4.0.7",
      "resolved": "https://registry.npmjs.org/web3-eth-iban/-/web3-eth-iban-4.0.7.tgz",
      "integrity": "sha512-8weKLa9KuKRzibC87vNLdkinpUE30gn0IGY027F8doeJdcPUfsa4IlBgNC4k4HLBembBB2CTU0Kr/HAOqMeYVQ==",
      "dependencies": {
        "web3-errors": "^1.1.3",
        "web3-types": "^1.3.0",
        "web3-utils": "^4.0.7",
        "web3-validator": "^2.0.3"
      },
      "engines": {
        "node": ">=14",
        "npm": ">=6.12.0"
      }
    },
    "node_modules/web3-eth-personal": {
      "version": "4.0.8",
      "resolved": "https://registry.npmjs.org/web3-eth-personal/-/web3-eth-personal-4.0.8.tgz",
      "integrity": "sha512-sXeyLKJ7ddQdMxz1BZkAwImjqh7OmKxhXoBNF3isDmD4QDpMIwv/t237S3q4Z0sZQamPa/pHebJRWVuvP8jZdw==",
      "dependencies": {
        "web3-core": "^4.3.0",
        "web3-eth": "^4.3.1",
        "web3-rpc-methods": "^1.1.3",
        "web3-types": "^1.3.0",
        "web3-utils": "^4.0.7",
        "web3-validator": "^2.0.3"
      },
      "engines": {
        "node": ">=14",
        "npm": ">=6.12.0"
      }
    },
    "node_modules/web3-net": {
      "version": "4.1.0",
      "resolved": "https://registry.npmjs.org/web3-net/-/web3-net-4.1.0.tgz",
      "integrity": "sha512-WWmfvHVIXWEoBDWdgKNYKN8rAy6SgluZ0abyRyXOL3ESr7ym7pKWbfP4fjApIHlYTh8tNqkrdPfM4Dyi6CA0SA==",
      "dependencies": {
        "web3-core": "^4.4.0",
        "web3-rpc-methods": "^1.3.0",
        "web3-types": "^1.6.0",
        "web3-utils": "^4.3.0"
      },
      "engines": {
        "node": ">=14",
        "npm": ">=6.12.0"
      }
    },
    "node_modules/web3-providers-http": {
      "version": "4.2.0",
      "resolved": "https://registry.npmjs.org/web3-providers-http/-/web3-providers-http-4.2.0.tgz",
      "integrity": "sha512-IPMnDtHB7dVwaB7/mMxAZzyq7d5ezfO1+Vw0bNfAeIi7gaDlJiggp85SdyAfOgov8AMUA/dyiY72kQ0KmjXKvQ==",
      "dependencies": {
        "cross-fetch": "^4.0.0",
        "web3-errors": "^1.3.0",
        "web3-types": "^1.7.0",
        "web3-utils": "^4.3.1"
      },
      "engines": {
        "node": ">=14",
        "npm": ">=6.12.0"
      }
    },
    "node_modules/web3-providers-ipc": {
      "version": "4.0.7",
      "resolved": "https://registry.npmjs.org/web3-providers-ipc/-/web3-providers-ipc-4.0.7.tgz",
      "integrity": "sha512-YbNqY4zUvIaK2MHr1lQFE53/8t/ejHtJchrWn9zVbFMGXlTsOAbNoIoZWROrg1v+hCBvT2c9z8xt7e/+uz5p1g==",
      "optional": true,
      "dependencies": {
        "web3-errors": "^1.1.3",
        "web3-types": "^1.3.0",
        "web3-utils": "^4.0.7"
      },
      "engines": {
        "node": ">=14",
        "npm": ">=6.12.0"
      }
    },
    "node_modules/web3-providers-ws": {
      "version": "4.0.8",
      "resolved": "https://registry.npmjs.org/web3-providers-ws/-/web3-providers-ws-4.0.8.tgz",
      "integrity": "sha512-goJdgata7v4pyzHRsg9fSegUG4gVnHZSHODhNnn6J93ykHkBI1nz4fjlGpcQLUMi4jAMz6SHl9Ibzs2jj9xqPw==",
      "dependencies": {
        "@types/ws": "8.5.3",
        "isomorphic-ws": "^5.0.0",
        "web3-errors": "^1.2.0",
        "web3-types": "^1.7.0",
        "web3-utils": "^4.3.1",
        "ws": "^8.17.1"
      },
      "engines": {
        "node": ">=14",
        "npm": ">=6.12.0"
      }
    },
    "node_modules/web3-rpc-methods": {
      "version": "1.3.0",
      "resolved": "https://registry.npmjs.org/web3-rpc-methods/-/web3-rpc-methods-1.3.0.tgz",
      "integrity": "sha512-/CHmzGN+IYgdBOme7PdqzF+FNeMleefzqs0LVOduncSaqsppeOEoskLXb2anSpzmQAP3xZJPaTrkQPWSJMORig==",
      "dependencies": {
        "web3-core": "^4.4.0",
        "web3-types": "^1.6.0",
        "web3-validator": "^2.0.6"
      },
      "engines": {
        "node": ">=14",
        "npm": ">=6.12.0"
      }
    },
    "node_modules/web3-rpc-providers": {
      "version": "1.0.0-rc.2",
      "resolved": "https://registry.npmjs.org/web3-rpc-providers/-/web3-rpc-providers-1.0.0-rc.2.tgz",
      "integrity": "sha512-ocFIEXcBx/DYQ90HhVepTBUVnL9pGsZw8wyPb1ZINSenwYus9SvcFkjU1Hfvd/fXjuhAv2bUVch9vxvMx1mXAQ==",
      "dependencies": {
        "web3-errors": "^1.3.0",
        "web3-providers-http": "^4.2.0",
        "web3-providers-ws": "^4.0.8",
        "web3-types": "^1.7.0",
        "web3-utils": "^4.3.1",
        "web3-validator": "^2.0.6"
      },
      "engines": {
        "node": ">=14",
        "npm": ">=6.12.0"
      }
    },
    "node_modules/web3-types": {
      "version": "1.7.0",
      "resolved": "https://registry.npmjs.org/web3-types/-/web3-types-1.7.0.tgz",
      "integrity": "sha512-nhXxDJ7a5FesRw9UG5SZdP/C/3Q2EzHGnB39hkAV+YGXDMgwxBXFWebQLfEzZzuArfHnvC0sQqkIHNwSKcVjdA==",
      "engines": {
        "node": ">=14",
        "npm": ">=6.12.0"
      }
    },
    "node_modules/web3-utils": {
      "version": "4.3.1",
      "resolved": "https://registry.npmjs.org/web3-utils/-/web3-utils-4.3.1.tgz",
      "integrity": "sha512-kGwOk8FxOLJ9DQC68yqNQc7AzN+k9YDLaW+ZjlAXs3qORhf8zXk5SxWAAGLbLykMs3vTeB0FTb1Exut4JEYfFA==",
      "dependencies": {
        "ethereum-cryptography": "^2.0.0",
        "eventemitter3": "^5.0.1",
        "web3-errors": "^1.2.0",
        "web3-types": "^1.7.0",
        "web3-validator": "^2.0.6"
      },
      "engines": {
        "node": ">=14",
        "npm": ">=6.12.0"
      }
    },
    "node_modules/web3-validator": {
      "version": "2.0.6",
      "resolved": "https://registry.npmjs.org/web3-validator/-/web3-validator-2.0.6.tgz",
      "integrity": "sha512-qn9id0/l1bWmvH4XfnG/JtGKKwut2Vokl6YXP5Kfg424npysmtRLe9DgiNBM9Op7QL/aSiaA0TVXibuIuWcizg==",
      "dependencies": {
        "ethereum-cryptography": "^2.0.0",
        "util": "^0.12.5",
        "web3-errors": "^1.2.0",
        "web3-types": "^1.6.0",
        "zod": "^3.21.4"
      },
      "engines": {
        "node": ">=14",
        "npm": ">=6.12.0"
      }
    },
    "node_modules/webidl-conversions": {
      "version": "3.0.1",
      "resolved": "https://registry.npmjs.org/webidl-conversions/-/webidl-conversions-3.0.1.tgz",
      "integrity": "sha512-2JAn3z8AR6rjK8Sm8orRC0h/bcl/DqL7tRPdGZ4I1CjdF+EaMLmYxBHyXuKL849eucPFhvBoxMsflfOb8kxaeQ=="
    },
    "node_modules/whatwg-url": {
      "version": "5.0.0",
      "resolved": "https://registry.npmjs.org/whatwg-url/-/whatwg-url-5.0.0.tgz",
      "integrity": "sha512-saE57nupxk6v3HY35+jzBwYa0rKSy0XR8JSxZPwgLr7ys0IBzhGviA1/TUGJLmSVqs8pb9AnvICXEuOHLprYTw==",
      "dependencies": {
        "tr46": "~0.0.3",
        "webidl-conversions": "^3.0.0"
      }
    },
    "node_modules/which-typed-array": {
      "version": "1.1.15",
      "resolved": "https://registry.npmjs.org/which-typed-array/-/which-typed-array-1.1.15.tgz",
      "integrity": "sha512-oV0jmFtUky6CXfkqehVvBP/LSWJ2sy4vWMioiENyJLePrBO/yKyV9OyJySfAKosh+RYkIl5zJCNZ8/4JncrpdA==",
      "dependencies": {
        "available-typed-arrays": "^1.0.7",
        "call-bind": "^1.0.7",
        "for-each": "^0.3.3",
        "gopd": "^1.0.1",
        "has-tostringtag": "^1.0.2"
      },
      "engines": {
        "node": ">= 0.4"
      },
      "funding": {
        "url": "https://github.com/sponsors/ljharb"
      }
    },
    "node_modules/ws": {
      "version": "8.18.0",
      "resolved": "https://registry.npmjs.org/ws/-/ws-8.18.0.tgz",
      "integrity": "sha512-8VbfWfHLbbwu3+N6OKsOMpBdT4kXPDDB9cJk2bJ6mh9ucxdlnNvH1e+roYkKmN9Nxw2yjz7VzeO9oOz2zJ04Pw==",
      "engines": {
        "node": ">=10.0.0"
      },
      "peerDependencies": {
        "bufferutil": "^4.0.1",
        "utf-8-validate": ">=5.0.2"
      },
      "peerDependenciesMeta": {
        "bufferutil": {
          "optional": true
        },
        "utf-8-validate": {
          "optional": true
        }
      }
    },
    "node_modules/zod": {
      "version": "3.23.8",
      "resolved": "https://registry.npmjs.org/zod/-/zod-3.23.8.tgz",
      "integrity": "sha512-XBx9AXhXktjUqnepgTiE5flcKIYWi/rme0Eaj+5Y0lftuGBq+jyRu/md4WnuxqgP1ubdpNCsYEYPxrzVHD8d6g==",
      "funding": {
        "url": "https://github.com/sponsors/colinhacks"
      }
    }
  }
}
